
Microsoft Visual Studio Solution File, Format Version 12.00
Project("{2150E333-8FDC-42A3-9474-1A3956D46DE8}") = "Source", "Source", "{39936724-4AAD-4EB5-9989-30D4ADDC6EF7}"
EndProject
Project("{2150E333-8FDC-42A3-9474-1A3956D46DE8}") = "SolutionItems", "SolutionItems", "{6BDB611C-D0C5-41E9-836E-FF923698719D}"
	ProjectSection(SolutionItems) = preProject
		.gitignore = .gitignore
	EndProjectSection
EndProject
Project("{FAE04EC0-301F-11D3-BF4B-00C04F79EFBC}") = "DomainCore", "Source\DomainCore\DomainCore.csproj", "{681CBD0D-EB30-4856-A805-6751EFB34BEE}"
EndProject
Project("{2150E333-8FDC-42A3-9474-1A3956D46DE8}") = "Tests", "Tests", "{3326668A-6AFA-4462-8273-F9CD6800AA4C}"
EndProject
Project("{FAE04EC0-301F-11D3-BF4B-00C04F79EFBC}") = "DomainCore.Tests.Unit", "Tests\DomainCore.Tests.Unit\DomainCore.Tests.Unit.csproj", "{FE8FB114-7904-4ACE-88C0-311DF72527C0}"
EndProject
Project("{FAE04EC0-301F-11D3-BF4B-00C04F79EFBC}") = "ConsoleApp1", "Tests\ConsoleApp1\ConsoleApp1.csproj", "{5F199A3C-A709-4D15-A14B-A0DA17E75F4E}"
EndProject
Global
	GlobalSection(SolutionConfigurationPlatforms) = preSolution
		Debug|Any CPU = Debug|Any CPU
		Release|Any CPU = Release|Any CPU
	EndGlobalSection
	GlobalSection(NestedProjects) = preSolution
		{681CBD0D-EB30-4856-A805-6751EFB34BEE} = {39936724-4AAD-4EB5-9989-30D4ADDC6EF7}
		{FE8FB114-7904-4ACE-88C0-311DF72527C0} = {3326668A-6AFA-4462-8273-F9CD6800AA4C}
		{5F199A3C-A709-4D15-A14B-A0DA17E75F4E} = {3326668A-6AFA-4462-8273-F9CD6800AA4C}
	EndGlobalSection
	GlobalSection(ProjectConfigurationPlatforms) = postSolution
		{681CBD0D-EB30-4856-A805-6751EFB34BEE}.Debug|Any CPU.ActiveCfg = Debug|Any CPU
		{681CBD0D-EB30-4856-A805-6751EFB34BEE}.Debug|Any CPU.Build.0 = Debug|Any CPU
		{681CBD0D-EB30-4856-A805-6751EFB34BEE}.Release|Any CPU.ActiveCfg = Release|Any CPU
		{681CBD0D-EB30-4856-A805-6751EFB34BEE}.Release|Any CPU.Build.0 = Release|Any CPU
		{FE8FB114-7904-4ACE-88C0-311DF72527C0}.Debug|Any CPU.ActiveCfg = Debug|Any CPU
		{FE8FB114-7904-4ACE-88C0-311DF72527C0}.Debug|Any CPU.Build.0 = Debug|Any CPU
		{FE8FB114-7904-4ACE-88C0-311DF72527C0}.Release|Any CPU.ActiveCfg = Release|Any CPU
		{FE8FB114-7904-4ACE-88C0-311DF72527C0}.Release|Any CPU.Build.0 = Release|Any CPU
		{5F199A3C-A709-4D15-A14B-A0DA17E75F4E}.Debug|Any CPU.ActiveCfg = Debug|Any CPU
		{5F199A3C-A709-4D15-A14B-A0DA17E75F4E}.Debug|Any CPU.Build.0 = Debug|Any CPU
		{5F199A3C-A709-4D15-A14B-A0DA17E75F4E}.Release|Any CPU.ActiveCfg = Release|Any CPU
		{5F199A3C-A709-4D15-A14B-A0DA17E75F4E}.Release|Any CPU.Build.0 = Release|Any CPU
	EndGlobalSection
EndGlobal
